Microsoft Visual Studio Solution File, Format Version 12.00
# Visual Studio Version 17
VisualStudioVersion = 17.5.2.0
MinimumVisualStudioVersion = 10.0.40219.1
Project("{FAE04EC0-301F-11D3-BF4B-00C04F79EFBC}") = "Chirp.CLI.Tests", "Chirp.CLI.test\Chirp.CLI.Tests.csproj", "{2FDDB6D9-3F9E-3D49-6320-8221AC02A0FE}"
EndProject
Project("{FAE04EC0-301F-11D3-BF4B-00C04F79EFBC}") = "SimpleDB.test", "SimpleDB.test\SimpleDB.test.csproj", "{14790F39-B618-FCF4-2A61-D65FBC4CE946}"
EndProject
Global
	GlobalSection(SolutionConfigurationPlatforms) = preSolution
		Debug|Any CPU = Debug|Any CPU
		Release|Any CPU = Release|Any CPU
	EndGlobalSection
	GlobalSection(ProjectConfigurationPlatforms) = postSolution
		{2FDDB6D9-3F9E-3D49-6320-8221AC02A0FE}.Debug|Any CPU.ActiveCfg = Debug|Any CPU
		{2FDDB6D9-3F9E-3D49-6320-8221AC02A0FE}.Debug|Any CPU.Build.0 = Debug|Any CPU
		{2FDDB6D9-3F9E-3D49-6320-8221AC02A0FE}.Release|Any CPU.ActiveCfg = Release|Any CPU
		{2FDDB6D9-3F9E-3D49-6320-8221AC02A0FE}.Release|Any CPU.Build.0 = Release|Any CPU
		{14790F39-B618-FCF4-2A61-D65FBC4CE946}.Debug|Any CPU.ActiveCfg = Debug|Any CPU
		{14790F39-B618-FCF4-2A61-D65FBC4CE946}.Debug|Any CPU.Build.0 = Debug|Any CPU
		{14790F39-B618-FCF4-2A61-D65FBC4CE946}.Release|Any CPU.ActiveCfg = Release|Any CPU
		{14790F39-B618-FCF4-2A61-D65FBC4CE946}.Release|Any CPU.Build.0 = Release|Any CPU
	EndGlobalSection
	GlobalSection(SolutionProperties) = preSolution
		HideSolutionNode = FALSE
	EndGlobalSection
	GlobalSection(ExtensibilityGlobals) = postSolution
		SolutionGuid = {89D92555-963B-4AD5-A3B1-9615039D8A58}
	EndGlobalSection
EndGlobal
