
Microsoft Visual Studio Solution File, Format Version 12.00
# Visual Studio Version 17
VisualStudioVersion = 17.5.2.0
MinimumVisualStudioVersion = 10.0.40219.1
Project("{2150E333-8FDC-42A3-9474-1A3956D46DE8}") = "src", "src", "{827E0CD3-B72D-47B6-A68D-7590B98EB39B}"
EndProject
Project("{FAE04EC0-301F-11D3-BF4B-00C04F79EFBC}") = "Chirp.Web", "src\Chirp.Web\Chirp.Razor.Web.csproj", "{097B87F6-05F7-41B8-B47B-B1E671C3EE00}"
EndProject
Project("{FAE04EC0-301F-11D3-BF4B-00C04F79EFBC}") = "Chirp.Infrastructure", "src\Chirp.Infrastructure\Chirp.Infrastructure.csproj", "{382A3A2B-A85E-4B89-81D1-2E907B192760}"
EndProject
Project("{FAE04EC0-301F-11D3-BF4B-00C04F79EFBC}") = "Chirp.Domain", "src\Chirp.Domain\Chirp.Domain.csproj", "{194BCFEC-F086-4D3A-8958-AC623BAC7269}"
EndProject
Project("{2150E333-8FDC-42A3-9474-1A3956D46DE8}") = "Test", "Test", "{C3ED2C13-1439-4540-AE1B-7AF459B9A2D4}"
EndProject
Project("{FAE04EC0-301F-11D3-BF4B-00C04F79EFBC}") = "Chirp.Tests", "Test\Chirp.Test\Chirp.Tests.csproj", "{2950003C-88C8-4849-818C-E9DBEFB1A35C}"
EndProject
Project("{FAE04EC0-301F-11D3-BF4B-00C04F79EFBC}") = "PlaywrightTests", "Test\PlaywrightTests\PlaywrightTests.csproj", "{33A60C89-3A62-4E34-82A0-83F61FACD5A8}"
EndProject
Global
	GlobalSection(SolutionConfigurationPlatforms) = preSolution
		Debug|Any CPU = Debug|Any CPU
		Debug|x64 = Debug|x64
		Debug|x86 = Debug|x86
		Release|Any CPU = Release|Any CPU
		Release|x64 = Release|x64
		Release|x86 = Release|x86
	EndGlobalSection
	GlobalSection(ProjectConfigurationPlatforms) = postSolution
		{0C553444-3117-98EA-37EE-55DDD4B2C625}.Debug|Any CPU.ActiveCfg = Debug|Any CPU
		{0C553444-3117-98EA-37EE-55DDD4B2C625}.Debug|Any CPU.Build.0 = Debug|Any CPU
		{0C553444-3117-98EA-37EE-55DDD4B2C625}.Debug|x64.ActiveCfg = Debug|Any CPU
		{0C553444-3117-98EA-37EE-55DDD4B2C625}.Debug|x64.Build.0 = Debug|Any CPU
		{0C553444-3117-98EA-37EE-55DDD4B2C625}.Debug|x86.ActiveCfg = Debug|Any CPU
		{0C553444-3117-98EA-37EE-55DDD4B2C625}.Debug|x86.Build.0 = Debug|Any CPU
		{0C553444-3117-98EA-37EE-55DDD4B2C625}.Release|Any CPU.ActiveCfg = Release|Any CPU
		{0C553444-3117-98EA-37EE-55DDD4B2C625}.Release|Any CPU.Build.0 = Release|Any CPU
		{0C553444-3117-98EA-37EE-55DDD4B2C625}.Release|x64.ActiveCfg = Release|Any CPU
		{0C553444-3117-98EA-37EE-55DDD4B2C625}.Release|x64.Build.0 = Release|Any CPU
		{0C553444-3117-98EA-37EE-55DDD4B2C625}.Release|x86.ActiveCfg = Release|Any CPU
		{0C553444-3117-98EA-37EE-55DDD4B2C625}.Release|x86.Build.0 = Release|Any CPU
		{1D49C256-58F9-491A-95B3-CD64C45A6738}.Debug|Any CPU.ActiveCfg = Debug|Any CPU
		{1D49C256-58F9-491A-95B3-CD64C45A6738}.Debug|Any CPU.Build.0 = Debug|Any CPU
		{1D49C256-58F9-491A-95B3-CD64C45A6738}.Debug|x64.ActiveCfg = Debug|Any CPU
		{1D49C256-58F9-491A-95B3-CD64C45A6738}.Debug|x64.Build.0 = Debug|Any CPU
		{1D49C256-58F9-491A-95B3-CD64C45A6738}.Debug|x86.ActiveCfg = Debug|Any CPU
		{1D49C256-58F9-491A-95B3-CD64C45A6738}.Debug|x86.Build.0 = Debug|Any CPU
		{1D49C256-58F9-491A-95B3-CD64C45A6738}.Release|Any CPU.ActiveCfg = Release|Any CPU
		{1D49C256-58F9-491A-95B3-CD64C45A6738}.Release|Any CPU.Build.0 = Release|Any CPU
		{1D49C256-58F9-491A-95B3-CD64C45A6738}.Release|x64.ActiveCfg = Release|Any CPU
		{1D49C256-58F9-491A-95B3-CD64C45A6738}.Release|x64.Build.0 = Release|Any CPU
		{1D49C256-58F9-491A-95B3-CD64C45A6738}.Release|x86.ActiveCfg = Release|Any CPU
		{1D49C256-58F9-491A-95B3-CD64C45A6738}.Release|x86.Build.0 = Release|Any CPU
		{097B87F6-05F7-41B8-B47B-B1E671C3EE00}.Debug|Any CPU.ActiveCfg = Debug|Any CPU
		{097B87F6-05F7-41B8-B47B-B1E671C3EE00}.Debug|Any CPU.Build.0 = Debug|Any CPU
		{097B87F6-05F7-41B8-B47B-B1E671C3EE00}.Debug|x64.ActiveCfg = Debug|Any CPU
		{097B87F6-05F7-41B8-B47B-B1E671C3EE00}.Debug|x64.Build.0 = Debug|Any CPU
		{097B87F6-05F7-41B8-B47B-B1E671C3EE00}.Debug|x86.ActiveCfg = Debug|Any CPU
		{097B87F6-05F7-41B8-B47B-B1E671C3EE00}.Debug|x86.Build.0 = Debug|Any CPU
		{097B87F6-05F7-41B8-B47B-B1E671C3EE00}.Release|Any CPU.ActiveCfg = Release|Any CPU
		{097B87F6-05F7-41B8-B47B-B1E671C3EE00}.Release|Any CPU.Build.0 = Release|Any CPU
		{097B87F6-05F7-41B8-B47B-B1E671C3EE00}.Release|x64.ActiveCfg = Release|Any CPU
		{097B87F6-05F7-41B8-B47B-B1E671C3EE00}.Release|x64.Build.0 = Release|Any CPU
		{097B87F6-05F7-41B8-B47B-B1E671C3EE00}.Release|x86.ActiveCfg = Release|Any CPU
		{097B87F6-05F7-41B8-B47B-B1E671C3EE00}.Release|x86.Build.0 = Release|Any CPU
		{382A3A2B-A85E-4B89-81D1-2E907B192760}.Debug|Any CPU.ActiveCfg = Debug|Any CPU
		{382A3A2B-A85E-4B89-81D1-2E907B192760}.Debug|Any CPU.Build.0 = Debug|Any CPU
		{382A3A2B-A85E-4B89-81D1-2E907B192760}.Debug|x64.ActiveCfg = Debug|Any CPU
		{382A3A2B-A85E-4B89-81D1-2E907B192760}.Debug|x64.Build.0 = Debug|Any CPU
		{382A3A2B-A85E-4B89-81D1-2E907B192760}.Debug|x86.ActiveCfg = Debug|Any CPU
		{382A3A2B-A85E-4B89-81D1-2E907B192760}.Debug|x86.Build.0 = Debug|Any CPU
		{382A3A2B-A85E-4B89-81D1-2E907B192760}.Release|Any CPU.ActiveCfg = Release|Any CPU
		{382A3A2B-A85E-4B89-81D1-2E907B192760}.Release|Any CPU.Build.0 = Release|Any CPU
		{382A3A2B-A85E-4B89-81D1-2E907B192760}.Release|x64.ActiveCfg = Release|Any CPU
		{382A3A2B-A85E-4B89-81D1-2E907B192760}.Release|x64.Build.0 = Release|Any CPU
		{382A3A2B-A85E-4B89-81D1-2E907B192760}.Release|x86.ActiveCfg = Release|Any CPU
		{382A3A2B-A85E-4B89-81D1-2E907B192760}.Release|x86.Build.0 = Release|Any CPU
		{194BCFEC-F086-4D3A-8958-AC623BAC7269}.Debug|Any CPU.ActiveCfg = Debug|Any CPU
		{194BCFEC-F086-4D3A-8958-AC623BAC7269}.Debug|Any CPU.Build.0 = Debug|Any CPU
		{194BCFEC-F086-4D3A-8958-AC623BAC7269}.Debug|x64.ActiveCfg = Debug|Any CPU
		{194BCFEC-F086-4D3A-8958-AC623BAC7269}.Debug|x64.Build.0 = Debug|Any CPU
		{194BCFEC-F086-4D3A-8958-AC623BAC7269}.Debug|x86.ActiveCfg = Debug|Any CPU
		{194BCFEC-F086-4D3A-8958-AC623BAC7269}.Debug|x86.Build.0 = Debug|Any CPU
		{194BCFEC-F086-4D3A-8958-AC623BAC7269}.Release|Any CPU.ActiveCfg = Release|Any CPU
		{194BCFEC-F086-4D3A-8958-AC623BAC7269}.Release|Any CPU.Build.0 = Release|Any CPU
		{194BCFEC-F086-4D3A-8958-AC623BAC7269}.Release|x64.ActiveCfg = Release|Any CPU
		{194BCFEC-F086-4D3A-8958-AC623BAC7269}.Release|x64.Build.0 = Release|Any CPU
		{194BCFEC-F086-4D3A-8958-AC623BAC7269}.Release|x86.ActiveCfg = Release|Any CPU
		{194BCFEC-F086-4D3A-8958-AC623BAC7269}.Release|x86.Build.0 = Release|Any CPU
		{2950003C-88C8-4849-818C-E9DBEFB1A35C}.Debug|Any CPU.ActiveCfg = Debug|Any CPU
		{2950003C-88C8-4849-818C-E9DBEFB1A35C}.Debug|Any CPU.Build.0 = Debug|Any CPU
		{2950003C-88C8-4849-818C-E9DBEFB1A35C}.Debug|x64.ActiveCfg = Debug|Any CPU
		{2950003C-88C8-4849-818C-E9DBEFB1A35C}.Debug|x64.Build.0 = Debug|Any CPU
		{2950003C-88C8-4849-818C-E9DBEFB1A35C}.Debug|x86.ActiveCfg = Debug|Any CPU
		{2950003C-88C8-4849-818C-E9DBEFB1A35C}.Debug|x86.Build.0 = Debug|Any CPU
		{2950003C-88C8-4849-818C-E9DBEFB1A35C}.Release|Any CPU.ActiveCfg = Release|Any CPU
		{2950003C-88C8-4849-818C-E9DBEFB1A35C}.Release|Any CPU.Build.0 = Release|Any CPU
		{2950003C-88C8-4849-818C-E9DBEFB1A35C}.Release|x64.ActiveCfg = Release|Any CPU
		{2950003C-88C8-4849-818C-E9DBEFB1A35C}.Release|x64.Build.0 = Release|Any CPU
		{2950003C-88C8-4849-818C-E9DBEFB1A35C}.Release|x86.ActiveCfg = Release|Any CPU
		{2950003C-88C8-4849-818C-E9DBEFB1A35C}.Release|x86.Build.0 = Release|Any CPU
		{33A60C89-3A62-4E34-82A0-83F61FACD5A8}.Debug|Any CPU.ActiveCfg = Debug|Any CPU
		{33A60C89-3A62-4E34-82A0-83F61FACD5A8}.Debug|Any CPU.Build.0 = Debug|Any CPU
		{33A60C89-3A62-4E34-82A0-83F61FACD5A8}.Debug|x64.ActiveCfg = Debug|Any CPU
		{33A60C89-3A62-4E34-82A0-83F61FACD5A8}.Debug|x64.Build.0 = Debug|Any CPU
		{33A60C89-3A62-4E34-82A0-83F61FACD5A8}.Debug|x86.ActiveCfg = Debug|Any CPU
		{33A60C89-3A62-4E34-82A0-83F61FACD5A8}.Debug|x86.Build.0 = Debug|Any CPU
		{33A60C89-3A62-4E34-82A0-83F61FACD5A8}.Release|Any CPU.ActiveCfg = Release|Any CPU
		{33A60C89-3A62-4E34-82A0-83F61FACD5A8}.Release|Any CPU.Build.0 = Release|Any CPU
		{33A60C89-3A62-4E34-82A0-83F61FACD5A8}.Release|x64.ActiveCfg = Release|Any CPU
		{33A60C89-3A62-4E34-82A0-83F61FACD5A8}.Release|x64.Build.0 = Release|Any CPU
		{33A60C89-3A62-4E34-82A0-83F61FACD5A8}.Release|x86.ActiveCfg = Release|Any CPU
		{33A60C89-3A62-4E34-82A0-83F61FACD5A8}.Release|x86.Build.0 = Release|Any CPU
	EndGlobalSection
	GlobalSection(SolutionProperties) = preSolution
		HideSolutionNode = FALSE
	EndGlobalSection
	GlobalSection(NestedProjects) = preSolution
		{382A3A2B-A85E-4B89-81D1-2E907B192760} = {827E0CD3-B72D-47B6-A68D-7590B98EB39B}
		{194BCFEC-F086-4D3A-8958-AC623BAC7269} = {827E0CD3-B72D-47B6-A68D-7590B98EB39B}
		{2950003C-88C8-4849-818C-E9DBEFB1A35C} = {C3ED2C13-1439-4540-AE1B-7AF459B9A2D4}
		{33A60C89-3A62-4E34-82A0-83F61FACD5A8} = {C3ED2C13-1439-4540-AE1B-7AF459B9A2D4}
	EndGlobalSection
	GlobalSection(ExtensibilityGlobals) = postSolution
		SolutionGuid = {78A0DC42-E0E1-4563-A00A-CFCA8A91A15E}
	EndGlobalSection
EndGlobal
